
Microsoft Visual Studio Solution File, Format Version 9.00
# Visual Studio 2005
Project("{F184B08F-C81C-45F6-A57F-5ABD9991F28F}") = "VBPurchaseOrderConsole", "VBPurchaseOrderConsole.vbproj", "{EE824FC5-F460-4B6E-81D9-B132F0335CEA}"
EndProject
Global
	GlobalSection(SolutionConfigurationPlatforms) = preSolution
		Debug|Any CPU = Debug|Any CPU
		Release|Any CPU = Release|Any CPU
	EndGlobalSection
	GlobalSection(ProjectConfigurationPlatforms) = postSolution
		{EE824FC5-F460-4B6E-81D9-B132F0335CEA}.Debug|Any CPU.ActiveCfg = Debug|Any CPU
		{EE824FC5-F460-4B6E-81D9-B132F0335CEA}.Debug|Any CPU.Build.0 = Debug|Any CPU
		{EE824FC5-F460-4B6E-81D9-B132F0335CEA}.Release|Any CPU.ActiveCfg = Release|Any CPU
		{EE824FC5-F460-4B6E-81D9-B132F0335CEA}.Release|Any CPU.Build.0 = Release|Any CPU
	EndGlobalSection
	GlobalSection(SolutionProperties) = preSolution
		HideSolutionNode = FALSE
	EndGlobalSection
EndGlobal
