
Microsoft Visual Studio Solution File, Format Version 9.00
# Visual Studio 2005
Project("{FAE04EC0-301F-11D3-BF4B-00C04F79EFBC}") = "CFirstStateMachineWFConsoleApplication", "CFirstStateMachineWFConsoleApplication.csproj", "{40B932EE-3AFA-4128-B6FD-A569E1F4D7F1}"
EndProject
Global
	GlobalSection(SolutionConfigurationPlatforms) = preSolution
		Debug|Any CPU = Debug|Any CPU
		Release|Any CPU = Release|Any CPU
	EndGlobalSection
	GlobalSection(ProjectConfigurationPlatforms) = postSolution
		{40B932EE-3AFA-4128-B6FD-A569E1F4D7F1}.Debug|Any CPU.ActiveCfg = Debug|Any CPU
		{40B932EE-3AFA-4128-B6FD-A569E1F4D7F1}.Debug|Any CPU.Build.0 = Debug|Any CPU
		{40B932EE-3AFA-4128-B6FD-A569E1F4D7F1}.Release|Any CPU.ActiveCfg = Release|Any CPU
		{40B932EE-3AFA-4128-B6FD-A569E1F4D7F1}.Release|Any CPU.Build.0 = Release|Any CPU
	EndGlobalSection
	GlobalSection(SolutionProperties) = preSolution
		HideSolutionNode = FALSE
	EndGlobalSection
EndGlobal
